
Microsoft Visual Studio Solution File, Format Version 12.00
# Visual Studio Version 16
VisualStudioVersion = 16.0.31112.23
MinimumVisualStudioVersion = 10.0.40219.1
Project("{9A19103F-16F7-4668-BE54-9A1E7A4F7556}") = "CommandScore", "CommandScore\CommandScore.csproj", "{AE261AF1-8D38-4195-82C2-DB8EEDAC7DDA}"
EndProject
Project("{9A19103F-16F7-4668-BE54-9A1E7A4F7556}") = "CommandScore.Test", "CommandScore.Test\CommandScore.Test.csproj", "{42BCC774-9A62-4708-9DED-C95837B53F5D}"
EndProject
Project("{2150E333-8FDC-42A3-9474-1A3956D46DE8}") = ".devops", ".devops", "{2B85ECA2-E6DE-4066-BE4E-686085A5F554}"
	ProjectSection(SolutionItems) = preProject
		.devops\pack-command-score-nuget.yml = .devops\pack-command-score-nuget.yml
	EndProjectSection
EndProject
Global
	GlobalSection(SolutionConfigurationPlatforms) = preSolution
		Debug|Any CPU = Debug|Any CPU
		Release|Any CPU = Release|Any CPU
	EndGlobalSection
	GlobalSection(ProjectConfigurationPlatforms) = postSolution
		{AE261AF1-8D38-4195-82C2-DB8EEDAC7DDA}.Debug|Any CPU.ActiveCfg = Debug|Any CPU
		{AE261AF1-8D38-4195-82C2-DB8EEDAC7DDA}.Debug|Any CPU.Build.0 = Debug|Any CPU
		{AE261AF1-8D38-4195-82C2-DB8EEDAC7DDA}.Release|Any CPU.ActiveCfg = Release|Any CPU
		{AE261AF1-8D38-4195-82C2-DB8EEDAC7DDA}.Release|Any CPU.Build.0 = Release|Any CPU
		{42BCC774-9A62-4708-9DED-C95837B53F5D}.Debug|Any CPU.ActiveCfg = Debug|Any CPU
		{42BCC774-9A62-4708-9DED-C95837B53F5D}.Debug|Any CPU.Build.0 = Debug|Any CPU
		{42BCC774-9A62-4708-9DED-C95837B53F5D}.Release|Any CPU.ActiveCfg = Release|Any CPU
		{42BCC774-9A62-4708-9DED-C95837B53F5D}.Release|Any CPU.Build.0 = Release|Any CPU
	EndGlobalSection
	GlobalSection(SolutionProperties) = preSolution
		HideSolutionNode = FALSE
	EndGlobalSection
	GlobalSection(ExtensibilityGlobals) = postSolution
		SolutionGuid = {8E661C02-59AE-4FAD-A6D6-63CDECF354C2}
	EndGlobalSection
EndGlobal
