
Microsoft Visual Studio Solution File, Format Version 12.00
Project("{FAE04EC0-301F-11D3-BF4B-00C04F79EFBC}") = "CommandScore", "CommandScore\CommandScore.csproj", "{AE261AF1-8D38-4195-82C2-DB8EEDAC7DDA}"
EndProject
Project("{FAE04EC0-301F-11D3-BF4B-00C04F79EFBC}") = "CommandScore.Test", "CommandScore.Test\CommandScore.Test.csproj", "{42BCC774-9A62-4708-9DED-C95837B53F5D}"
EndProject
Global
	GlobalSection(SolutionConfigurationPlatforms) = preSolution
		Debug|Any CPU = Debug|Any CPU
		Release|Any CPU = Release|Any CPU
	EndGlobalSection
	GlobalSection(ProjectConfigurationPlatforms) = postSolution
		{AE261AF1-8D38-4195-82C2-DB8EEDAC7DDA}.Debug|Any CPU.ActiveCfg = Debug|Any CPU
		{AE261AF1-8D38-4195-82C2-DB8EEDAC7DDA}.Debug|Any CPU.Build.0 = Debug|Any CPU
		{AE261AF1-8D38-4195-82C2-DB8EEDAC7DDA}.Release|Any CPU.ActiveCfg = Release|Any CPU
		{AE261AF1-8D38-4195-82C2-DB8EEDAC7DDA}.Release|Any CPU.Build.0 = Release|Any CPU
		{42BCC774-9A62-4708-9DED-C95837B53F5D}.Debug|Any CPU.ActiveCfg = Debug|Any CPU
		{42BCC774-9A62-4708-9DED-C95837B53F5D}.Debug|Any CPU.Build.0 = Debug|Any CPU
		{42BCC774-9A62-4708-9DED-C95837B53F5D}.Release|Any CPU.ActiveCfg = Release|Any CPU
		{42BCC774-9A62-4708-9DED-C95837B53F5D}.Release|Any CPU.Build.0 = Release|Any CPU
	EndGlobalSection
EndGlobal
